
Microsoft Visual Studio Solution File, Format Version 12.00
# Visual Studio Version 18
VisualStudioVersion = 18.0.11222.15 d18.0
MinimumVisualStudioVersion = 10.0.40219.1
Project("{FAE04EC0-301F-11D3-BF4B-00C04F79EFBC}") = "ConsoleApp", "ConsoleApp.csproj", "{815BAD2E-9EB3-42B0-B8D4-EF4B37101F1B}"
EndProject
Project("{FAE04EC0-301F-11D3-BF4B-00C04F79EFBC}") = "API", "..\API\API.csproj", "{887054A8-EE30-44A5-B098-4F5A0FF75FF5}"
EndProject
Global
	GlobalSection(SolutionConfigurationPlatforms) = preSolution
		Debug|Any CPU = Debug|Any CPU
		Release|Any CPU = Release|Any CPU
	EndGlobalSection
	GlobalSection(ProjectConfigurationPlatforms) = postSolution
		{815BAD2E-9EB3-42B0-B8D4-EF4B37101F1B}.Debug|Any CPU.ActiveCfg = Debug|Any CPU
		{815BAD2E-9EB3-42B0-B8D4-EF4B37101F1B}.Debug|Any CPU.Build.0 = Debug|Any CPU
		{815BAD2E-9EB3-42B0-B8D4-EF4B37101F1B}.Release|Any CPU.ActiveCfg = Release|Any CPU
		{815BAD2E-9EB3-42B0-B8D4-EF4B37101F1B}.Release|Any CPU.Build.0 = Release|Any CPU
		{887054A8-EE30-44A5-B098-4F5A0FF75FF5}.Debug|Any CPU.ActiveCfg = Debug|Any CPU
		{887054A8-EE30-44A5-B098-4F5A0FF75FF5}.Debug|Any CPU.Build.0 = Debug|Any CPU
		{887054A8-EE30-44A5-B098-4F5A0FF75FF5}.Release|Any CPU.ActiveCfg = Release|Any CPU
		{887054A8-EE30-44A5-B098-4F5A0FF75FF5}.Release|Any CPU.Build.0 = Release|Any CPU
	EndGlobalSection
	GlobalSection(SolutionProperties) = preSolution
		HideSolutionNode = FALSE
	EndGlobalSection
	GlobalSection(ExtensibilityGlobals) = postSolution
		SolutionGuid = {01CA379D-F669-4882-979D-6670E957785E}
	EndGlobalSection
EndGlobal
